# generated by rye
# use `rye lock` or `rye sync` to update this lockfile
#
# last locked with the following flags:
#   pre: false
#   features: []
#   all-features: false
#   with-sources: false
#   generate-hashes: false

-e file:.
psycopg==3.2.1
    # via sqlalchemy-test
psycopg2==2.9.9
    # via sqlalchemy-test
sqlalchemy==2.0.31
    # via sqlalchemy-test
    # via sqlalchemy-utils
sqlalchemy-utils==0.41.2
    # via sqlalchemy-test
typing-extensions==4.12.2
    # via psycopg
    # via sqlalchemy
